{
  "name": "miniprogram",
  "version": "1.0.0",
  "lockfileVersion": 1,
  "requires": true,
  "dependencies": {
    "@vant/weapp": {
      "version": "1.6.9",
      "resolved": "https://registry.nlark.com/@vant/weapp/download/@vant/weapp-1.6.9.tgz",
      "integrity": "sha1-9IQKYgffxRzUU025Ym9picfDVfQ="
    },
    "wl-pinyin": {
      "version": "1.0.1",
      "resolved": "https://registry.nlark.com/wl-pinyin/download/wl-pinyin-1.0.1.tgz",
      "integrity": "sha1-GKftJVzv5jEABx4ll1Hejk27QC0="
    }
  }
}
